
Microsoft Visual Studio Solution File, Format Version 12.00
# Visual Studio Version 16
VisualStudioVersion = 16.0.31613.86
MinimumVisualStudioVersion = 10.0.40219.1
Project("{FAE04EC0-301F-11D3-BF4B-00C04F79EFBC}") = "Controller-View-Communication", "Controller-View-Communication.csproj", "{20DF027F-B3F7-4649-9784-76F0391A148F}"
EndProject
Global
	GlobalSection(SolutionConfigurationPlatforms) = preSolution
		Debug|Any CPU = Debug|Any CPU
		Release|Any CPU = Release|Any CPU
	EndGlobalSection
	GlobalSection(ProjectConfigurationPlatforms) = postSolution
		{20DF027F-B3F7-4649-9784-76F0391A148F}.Debug|Any CPU.ActiveCfg = Debug|Any CPU
		{20DF027F-B3F7-4649-9784-76F0391A148F}.Debug|Any CPU.Build.0 = Debug|Any CPU
		{20DF027F-B3F7-4649-9784-76F0391A148F}.Release|Any CPU.ActiveCfg = Release|Any CPU
		{20DF027F-B3F7-4649-9784-76F0391A148F}.Release|Any CPU.Build.0 = Release|Any CPU
	EndGlobalSection
	GlobalSection(SolutionProperties) = preSolution
		HideSolutionNode = FALSE
	EndGlobalSection
	GlobalSection(ExtensibilityGlobals) = postSolution
		SolutionGuid = {BC1F5780-B098-4A30-A91C-1276317CFB82}
	EndGlobalSection
EndGlobal
