
Microsoft Visual Studio Solution File, Format Version 12.00
# Visual Studio Version 16
VisualStudioVersion = 16.0.31613.86
MinimumVisualStudioVersion = 10.0.40219.1
Project("{FAE04EC0-301F-11D3-BF4B-00C04F79EFBC}") = "VehicleManagementLIB", "VehicleManagementLIB.csproj", "{675E2560-38B2-4C45-BA4F-B5EC5E1F26D8}"
EndProject
Project("{FAE04EC0-301F-11D3-BF4B-00C04F79EFBC}") = "VehicleManagementCON", "..\VehicleManagementCON\VehicleManagementCON.csproj", "{CF072EE7-83F9-4F3B-8F57-6C58E691446F}"
EndProject
Global
	GlobalSection(SolutionConfigurationPlatforms) = preSolution
		Debug|Any CPU = Debug|Any CPU
		Release|Any CPU = Release|Any CPU
	EndGlobalSection
	GlobalSection(ProjectConfigurationPlatforms) = postSolution
		{675E2560-38B2-4C45-BA4F-B5EC5E1F26D8}.Debug|Any CPU.ActiveCfg = Debug|Any CPU
		{675E2560-38B2-4C45-BA4F-B5EC5E1F26D8}.Debug|Any CPU.Build.0 = Debug|Any CPU
		{675E2560-38B2-4C45-BA4F-B5EC5E1F26D8}.Release|Any CPU.ActiveCfg = Release|Any CPU
		{675E2560-38B2-4C45-BA4F-B5EC5E1F26D8}.Release|Any CPU.Build.0 = Release|Any CPU
		{CF072EE7-83F9-4F3B-8F57-6C58E691446F}.Debug|Any CPU.ActiveCfg = Debug|Any CPU
		{CF072EE7-83F9-4F3B-8F57-6C58E691446F}.Debug|Any CPU.Build.0 = Debug|Any CPU
		{CF072EE7-83F9-4F3B-8F57-6C58E691446F}.Release|Any CPU.ActiveCfg = Release|Any CPU
		{CF072EE7-83F9-4F3B-8F57-6C58E691446F}.Release|Any CPU.Build.0 = Release|Any CPU
	EndGlobalSection
	GlobalSection(SolutionProperties) = preSolution
		HideSolutionNode = FALSE
	EndGlobalSection
	GlobalSection(ExtensibilityGlobals) = postSolution
		SolutionGuid = {E95CF5C1-BD8C-4338-AED7-08D4AA237A6A}
	EndGlobalSection
EndGlobal
