
Microsoft Visual Studio Solution File, Format Version 12.00
# Visual Studio Version 16
VisualStudioVersion = 16.0.31613.86
MinimumVisualStudioVersion = 10.0.40219.1
Project("{FAE04EC0-301F-11D3-BF4B-00C04F79EFBC}") = "UnitTestDemo", "UnitTestDemo.csproj", "{83B85D9A-3732-4137-BE1E-7B1E74AE53E8}"
EndProject
Project("{FAE04EC0-301F-11D3-BF4B-00C04F79EFBC}") = "UnitTestDemo.Tests", "..\UnitTestDemo.Tests\UnitTestDemo.Tests.csproj", "{C1598703-4C04-4F7E-970F-FDCC26502770}"
EndProject
Global
	GlobalSection(SolutionConfigurationPlatforms) = preSolution
		Debug|Any CPU = Debug|Any CPU
		Release|Any CPU = Release|Any CPU
	EndGlobalSection
	GlobalSection(ProjectConfigurationPlatforms) = postSolution
		{83B85D9A-3732-4137-BE1E-7B1E74AE53E8}.Debug|Any CPU.ActiveCfg = Debug|Any CPU
		{83B85D9A-3732-4137-BE1E-7B1E74AE53E8}.Debug|Any CPU.Build.0 = Debug|Any CPU
		{83B85D9A-3732-4137-BE1E-7B1E74AE53E8}.Release|Any CPU.ActiveCfg = Release|Any CPU
		{83B85D9A-3732-4137-BE1E-7B1E74AE53E8}.Release|Any CPU.Build.0 = Release|Any CPU
		{C1598703-4C04-4F7E-970F-FDCC26502770}.Debug|Any CPU.ActiveCfg = Debug|Any CPU
		{C1598703-4C04-4F7E-970F-FDCC26502770}.Debug|Any CPU.Build.0 = Debug|Any CPU
		{C1598703-4C04-4F7E-970F-FDCC26502770}.Release|Any CPU.ActiveCfg = Release|Any CPU
		{C1598703-4C04-4F7E-970F-FDCC26502770}.Release|Any CPU.Build.0 = Release|Any CPU
	EndGlobalSection
	GlobalSection(SolutionProperties) = preSolution
		HideSolutionNode = FALSE
	EndGlobalSection
	GlobalSection(ExtensibilityGlobals) = postSolution
		SolutionGuid = {E066EBB5-DCE1-4018-BE9E-3EE740D70980}
	EndGlobalSection
EndGlobal
