
Microsoft Visual Studio Solution File, Format Version 12.00
# Visual Studio Version 16
VisualStudioVersion = 16.0.31613.86
MinimumVisualStudioVersion = 10.0.40219.1
Project("{FAE04EC0-301F-11D3-BF4B-00C04F79EFBC}") = "Exception-Demo", "Exception-Demo.csproj", "{78763DF9-F6B9-4015-BFB0-78E0F96EBC83}"
EndProject
Global
	GlobalSection(SolutionConfigurationPlatforms) = preSolution
		Debug|Any CPU = Debug|Any CPU
		Release|Any CPU = Release|Any CPU
	EndGlobalSection
	GlobalSection(ProjectConfigurationPlatforms) = postSolution
		{78763DF9-F6B9-4015-BFB0-78E0F96EBC83}.Debug|Any CPU.ActiveCfg = Debug|Any CPU
		{78763DF9-F6B9-4015-BFB0-78E0F96EBC83}.Debug|Any CPU.Build.0 = Debug|Any CPU
		{78763DF9-F6B9-4015-BFB0-78E0F96EBC83}.Release|Any CPU.ActiveCfg = Release|Any CPU
		{78763DF9-F6B9-4015-BFB0-78E0F96EBC83}.Release|Any CPU.Build.0 = Release|Any CPU
	EndGlobalSection
	GlobalSection(SolutionProperties) = preSolution
		HideSolutionNode = FALSE
	EndGlobalSection
	GlobalSection(ExtensibilityGlobals) = postSolution
		SolutionGuid = {63613111-8165-4A5B-99DD-B059ECD1BFB0}
	EndGlobalSection
EndGlobal
