
Microsoft Visual Studio Solution File, Format Version 12.00
# Visual Studio Version 16
VisualStudioVersion = 16.0.31613.86
MinimumVisualStudioVersion = 10.0.40219.1
Project("{FAE04EC0-301F-11D3-BF4B-00C04F79EFBC}") = "EmployeeManagementLIB", "EmployeeManagementLIB.csproj", "{9BE7F894-DB47-41FF-96BE-E6F283647435}"
EndProject
Project("{FAE04EC0-301F-11D3-BF4B-00C04F79EFBC}") = "EmployeeManagementCON", "..\EmployeeManagementCON\EmployeeManagementCON.csproj", "{89DC0592-83C4-43C5-894C-1B4144E5E2B0}"
EndProject
Global
	GlobalSection(SolutionConfigurationPlatforms) = preSolution
		Debug|Any CPU = Debug|Any CPU
		Release|Any CPU = Release|Any CPU
	EndGlobalSection
	GlobalSection(ProjectConfigurationPlatforms) = postSolution
		{9BE7F894-DB47-41FF-96BE-E6F283647435}.Debug|Any CPU.ActiveCfg = Debug|Any CPU
		{9BE7F894-DB47-41FF-96BE-E6F283647435}.Debug|Any CPU.Build.0 = Debug|Any CPU
		{9BE7F894-DB47-41FF-96BE-E6F283647435}.Release|Any CPU.ActiveCfg = Release|Any CPU
		{9BE7F894-DB47-41FF-96BE-E6F283647435}.Release|Any CPU.Build.0 = Release|Any CPU
		{89DC0592-83C4-43C5-894C-1B4144E5E2B0}.Debug|Any CPU.ActiveCfg = Debug|Any CPU
		{89DC0592-83C4-43C5-894C-1B4144E5E2B0}.Debug|Any CPU.Build.0 = Debug|Any CPU
		{89DC0592-83C4-43C5-894C-1B4144E5E2B0}.Release|Any CPU.ActiveCfg = Release|Any CPU
		{89DC0592-83C4-43C5-894C-1B4144E5E2B0}.Release|Any CPU.Build.0 = Release|Any CPU
	EndGlobalSection
	GlobalSection(SolutionProperties) = preSolution
		HideSolutionNode = FALSE
	EndGlobalSection
	GlobalSection(ExtensibilityGlobals) = postSolution
		SolutionGuid = {F8EC9F02-1559-4993-A877-B8C44E8D88B8}
	EndGlobalSection
EndGlobal
