
Microsoft Visual Studio Solution File, Format Version 12.00
# Visual Studio Version 16
VisualStudioVersion = 16.0.31613.86
MinimumVisualStudioVersion = 10.0.40219.1
Project("{FAE04EC0-301F-11D3-BF4B-00C04F79EFBC}") = "BankingApplicationLIB", "BankingApplicationLIB.csproj", "{99EBEC80-80FE-4FA7-8113-0F01A66850B5}"
EndProject
Project("{FAE04EC0-301F-11D3-BF4B-00C04F79EFBC}") = "BankingApplicationCON", "..\BankingApplicationCON\BankingApplicationCON.csproj", "{1D9E7782-FE6B-4BDD-920B-D4E6F27F428B}"
EndProject
Global
	GlobalSection(SolutionConfigurationPlatforms) = preSolution
		Debug|Any CPU = Debug|Any CPU
		Release|Any CPU = Release|Any CPU
	EndGlobalSection
	GlobalSection(ProjectConfigurationPlatforms) = postSolution
		{99EBEC80-80FE-4FA7-8113-0F01A66850B5}.Debug|Any CPU.ActiveCfg = Debug|Any CPU
		{99EBEC80-80FE-4FA7-8113-0F01A66850B5}.Debug|Any CPU.Build.0 = Debug|Any CPU
		{99EBEC80-80FE-4FA7-8113-0F01A66850B5}.Release|Any CPU.ActiveCfg = Release|Any CPU
		{99EBEC80-80FE-4FA7-8113-0F01A66850B5}.Release|Any CPU.Build.0 = Release|Any CPU
		{1D9E7782-FE6B-4BDD-920B-D4E6F27F428B}.Debug|Any CPU.ActiveCfg = Debug|Any CPU
		{1D9E7782-FE6B-4BDD-920B-D4E6F27F428B}.Debug|Any CPU.Build.0 = Debug|Any CPU
		{1D9E7782-FE6B-4BDD-920B-D4E6F27F428B}.Release|Any CPU.ActiveCfg = Release|Any CPU
		{1D9E7782-FE6B-4BDD-920B-D4E6F27F428B}.Release|Any CPU.Build.0 = Release|Any CPU
	EndGlobalSection
	GlobalSection(SolutionProperties) = preSolution
		HideSolutionNode = FALSE
	EndGlobalSection
	GlobalSection(ExtensibilityGlobals) = postSolution
		SolutionGuid = {6CC118A1-20B3-455E-AF89-9D7652B8ABE8}
	EndGlobalSection
EndGlobal
