
Microsoft Visual Studio Solution File, Format Version 12.00
# Visual Studio 15
VisualStudioVersion = 15.0.28307.1433
MinimumVisualStudioVersion = 10.0.40219.1
Project("{FAE04EC0-301F-11D3-BF4B-00C04F79EFBC}") = "Linq-Collections", "Linq-Collections.csproj", "{DAE90311-F8A3-458D-BF22-A9B368381DB5}"
EndProject
Global
	GlobalSection(SolutionConfigurationPlatforms) = preSolution
		Debug|Any CPU = Debug|Any CPU
		Release|Any CPU = Release|Any CPU
	EndGlobalSection
	GlobalSection(ProjectConfigurationPlatforms) = postSolution
		{DAE90311-F8A3-458D-BF22-A9B368381DB5}.Debug|Any CPU.ActiveCfg = Debug|Any CPU
		{DAE90311-F8A3-458D-BF22-A9B368381DB5}.Debug|Any CPU.Build.0 = Debug|Any CPU
		{DAE90311-F8A3-458D-BF22-A9B368381DB5}.Release|Any CPU.ActiveCfg = Release|Any CPU
		{DAE90311-F8A3-458D-BF22-A9B368381DB5}.Release|Any CPU.Build.0 = Release|Any CPU
	EndGlobalSection
	GlobalSection(SolutionProperties) = preSolution
		HideSolutionNode = FALSE
	EndGlobalSection
	GlobalSection(ExtensibilityGlobals) = postSolution
		SolutionGuid = {0D9810DB-E92B-40BE-8A59-2243B3890A10}
	EndGlobalSection
EndGlobal
