
Microsoft Visual Studio Solution File, Format Version 12.00
# Visual Studio Version 16
VisualStudioVersion = 16.0.31613.86
MinimumVisualStudioVersion = 10.0.40219.1
Project("{FAE04EC0-301F-11D3-BF4B-00C04F79EFBC}") = "BankingSolutionWeb-MVC", "BankingSolutionWeb-MVC.csproj", "{CE0E58DF-2054-428A-98B4-B284537538E2}"
EndProject
Global
	GlobalSection(SolutionConfigurationPlatforms) = preSolution
		Debug|Any CPU = Debug|Any CPU
		Release|Any CPU = Release|Any CPU
	EndGlobalSection
	GlobalSection(ProjectConfigurationPlatforms) = postSolution
		{CE0E58DF-2054-428A-98B4-B284537538E2}.Debug|Any CPU.ActiveCfg = Debug|Any CPU
		{CE0E58DF-2054-428A-98B4-B284537538E2}.Debug|Any CPU.Build.0 = Debug|Any CPU
		{CE0E58DF-2054-428A-98B4-B284537538E2}.Release|Any CPU.ActiveCfg = Release|Any CPU
		{CE0E58DF-2054-428A-98B4-B284537538E2}.Release|Any CPU.Build.0 = Release|Any CPU
	EndGlobalSection
	GlobalSection(SolutionProperties) = preSolution
		HideSolutionNode = FALSE
	EndGlobalSection
	GlobalSection(ExtensibilityGlobals) = postSolution
		SolutionGuid = {A4FE1EAD-E0D5-4973-9BE3-EC121AD9BEBD}
	EndGlobalSection
EndGlobal
