
Microsoft Visual Studio Solution File, Format Version 12.00
# Visual Studio Version 16
VisualStudioVersion = 16.0.31613.86
MinimumVisualStudioVersion = 10.0.40219.1
Project("{FAE04EC0-301F-11D3-BF4B-00C04F79EFBC}") = "ShoppingApp", "ShoppingApp.csproj", "{BAC4061F-439D-4568-8415-4CEDB702519A}"
EndProject
Global
	GlobalSection(SolutionConfigurationPlatforms) = preSolution
		Debug|Any CPU = Debug|Any CPU
		Release|Any CPU = Release|Any CPU
	EndGlobalSection
	GlobalSection(ProjectConfigurationPlatforms) = postSolution
		{BAC4061F-439D-4568-8415-4CEDB702519A}.Debug|Any CPU.ActiveCfg = Debug|Any CPU
		{BAC4061F-439D-4568-8415-4CEDB702519A}.Debug|Any CPU.Build.0 = Debug|Any CPU
		{BAC4061F-439D-4568-8415-4CEDB702519A}.Release|Any CPU.ActiveCfg = Release|Any CPU
		{BAC4061F-439D-4568-8415-4CEDB702519A}.Release|Any CPU.Build.0 = Release|Any CPU
	EndGlobalSection
	GlobalSection(SolutionProperties) = preSolution
		HideSolutionNode = FALSE
	EndGlobalSection
	GlobalSection(ExtensibilityGlobals) = postSolution
		SolutionGuid = {929C7315-D327-4741-B48E-1A417B0E7B7B}
	EndGlobalSection
EndGlobal
