
Microsoft Visual Studio Solution File, Format Version 12.00
# Visual Studio 15
VisualStudioVersion = 15.0.28307.1433
MinimumVisualStudioVersion = 10.0.40219.1
Project("{FAE04EC0-301F-11D3-BF4B-00C04F79EFBC}") = "TestsDemo", "TestsDemo\TestsDemo.csproj", "{65B341EE-26F4-4CBB-AEE9-98637DA97CA6}"
EndProject
Project("{FAE04EC0-301F-11D3-BF4B-00C04F79EFBC}") = "TestsDemo.Tests", "TestsDemo.Tests\TestsDemo.Tests.csproj", "{628895D7-1BBF-470D-AC6D-EC8489043791}"
EndProject
Global
	GlobalSection(SolutionConfigurationPlatforms) = preSolution
		Debug|Any CPU = Debug|Any CPU
		Release|Any CPU = Release|Any CPU
	EndGlobalSection
	GlobalSection(ProjectConfigurationPlatforms) = postSolution
		{65B341EE-26F4-4CBB-AEE9-98637DA97CA6}.Debug|Any CPU.ActiveCfg = Debug|Any CPU
		{65B341EE-26F4-4CBB-AEE9-98637DA97CA6}.Debug|Any CPU.Build.0 = Debug|Any CPU
		{65B341EE-26F4-4CBB-AEE9-98637DA97CA6}.Release|Any CPU.ActiveCfg = Release|Any CPU
		{65B341EE-26F4-4CBB-AEE9-98637DA97CA6}.Release|Any CPU.Build.0 = Release|Any CPU
		{628895D7-1BBF-470D-AC6D-EC8489043791}.Debug|Any CPU.ActiveCfg = Debug|Any CPU
		{628895D7-1BBF-470D-AC6D-EC8489043791}.Debug|Any CPU.Build.0 = Debug|Any CPU
		{628895D7-1BBF-470D-AC6D-EC8489043791}.Release|Any CPU.ActiveCfg = Release|Any CPU
		{628895D7-1BBF-470D-AC6D-EC8489043791}.Release|Any CPU.Build.0 = Release|Any CPU
	EndGlobalSection
	GlobalSection(SolutionProperties) = preSolution
		HideSolutionNode = FALSE
	EndGlobalSection
	GlobalSection(ExtensibilityGlobals) = postSolution
		SolutionGuid = {C1D6939C-72F6-4E21-8946-10BE4C19110E}
	EndGlobalSection
EndGlobal
