
Microsoft Visual Studio Solution File, Format Version 12.00
# Visual Studio Version 16
VisualStudioVersion = 16.0.31613.86
MinimumVisualStudioVersion = 10.0.40219.1
Project("{FAE04EC0-301F-11D3-BF4B-00C04F79EFBC}") = "Project2_Switch_Statements", "Project2_Switch_Statements\Project2_Switch_Statements.csproj", "{9D4B2D45-AA98-4E7F-92DE-A1A03CD6876B}"
EndProject
Global
	GlobalSection(SolutionConfigurationPlatforms) = preSolution
		Debug|Any CPU = Debug|Any CPU
		Release|Any CPU = Release|Any CPU
	EndGlobalSection
	GlobalSection(ProjectConfigurationPlatforms) = postSolution
		{9D4B2D45-AA98-4E7F-92DE-A1A03CD6876B}.Debug|Any CPU.ActiveCfg = Debug|Any CPU
		{9D4B2D45-AA98-4E7F-92DE-A1A03CD6876B}.Debug|Any CPU.Build.0 = Debug|Any CPU
		{9D4B2D45-AA98-4E7F-92DE-A1A03CD6876B}.Release|Any CPU.ActiveCfg = Release|Any CPU
		{9D4B2D45-AA98-4E7F-92DE-A1A03CD6876B}.Release|Any CPU.Build.0 = Release|Any CPU
	EndGlobalSection
	GlobalSection(SolutionProperties) = preSolution
		HideSolutionNode = FALSE
	EndGlobalSection
	GlobalSection(ExtensibilityGlobals) = postSolution
		SolutionGuid = {699AD5E3-39D0-41B6-8325-E90DC8B93772}
	EndGlobalSection
EndGlobal
