
Microsoft Visual Studio Solution File, Format Version 12.00
# Visual Studio 15
VisualStudioVersion = 15.0.28307.1433
MinimumVisualStudioVersion = 10.0.40219.1
Project("{FAE04EC0-301F-11D3-BF4B-00C04F79EFBC}") = "UnitTestExample", "UnitTestExample\UnitTestExample.csproj", "{A1177943-DB7B-4E41-8F08-31C67144FF95}"
EndProject
Project("{FAE04EC0-301F-11D3-BF4B-00C04F79EFBC}") = "UnitTestExample.Tests", "UnitTestExample.Tests\UnitTestExample.Tests.csproj", "{65EA6ABE-56F2-4B7A-8135-5DEA4C254D08}"
EndProject
Global
	GlobalSection(SolutionConfigurationPlatforms) = preSolution
		Debug|Any CPU = Debug|Any CPU
		Release|Any CPU = Release|Any CPU
	EndGlobalSection
	GlobalSection(ProjectConfigurationPlatforms) = postSolution
		{A1177943-DB7B-4E41-8F08-31C67144FF95}.Debug|Any CPU.ActiveCfg = Debug|Any CPU
		{A1177943-DB7B-4E41-8F08-31C67144FF95}.Debug|Any CPU.Build.0 = Debug|Any CPU
		{A1177943-DB7B-4E41-8F08-31C67144FF95}.Release|Any CPU.ActiveCfg = Release|Any CPU
		{A1177943-DB7B-4E41-8F08-31C67144FF95}.Release|Any CPU.Build.0 = Release|Any CPU
		{65EA6ABE-56F2-4B7A-8135-5DEA4C254D08}.Debug|Any CPU.ActiveCfg = Debug|Any CPU
		{65EA6ABE-56F2-4B7A-8135-5DEA4C254D08}.Debug|Any CPU.Build.0 = Debug|Any CPU
		{65EA6ABE-56F2-4B7A-8135-5DEA4C254D08}.Release|Any CPU.ActiveCfg = Release|Any CPU
		{65EA6ABE-56F2-4B7A-8135-5DEA4C254D08}.Release|Any CPU.Build.0 = Release|Any CPU
	EndGlobalSection
	GlobalSection(SolutionProperties) = preSolution
		HideSolutionNode = FALSE
	EndGlobalSection
	GlobalSection(ExtensibilityGlobals) = postSolution
		SolutionGuid = {09AC0452-1F79-4332-9896-F9E38E4A8E53}
	EndGlobalSection
EndGlobal
