
Microsoft Visual Studio Solution File, Format Version 12.00
# Visual Studio Version 16
VisualStudioVersion = 16.0.31613.86
MinimumVisualStudioVersion = 10.0.40219.1
Project("{FAE04EC0-301F-11D3-BF4B-00C04F79EFBC}") = "Varsha-BankingLIB", "Varsha-BankingLIB.csproj", "{21F617BE-7A5C-490E-9B00-320FEDF83C13}"
EndProject
Project("{FAE04EC0-301F-11D3-BF4B-00C04F79EFBC}") = "Varsha-BankingCON", "..\Varsha-BankingCON\Varsha-BankingCON.csproj", "{13B09B12-0E6C-4AFB-AFB8-F2AEEC67A7D4}"
EndProject
Global
	GlobalSection(SolutionConfigurationPlatforms) = preSolution
		Debug|Any CPU = Debug|Any CPU
		Release|Any CPU = Release|Any CPU
	EndGlobalSection
	GlobalSection(ProjectConfigurationPlatforms) = postSolution
		{21F617BE-7A5C-490E-9B00-320FEDF83C13}.Debug|Any CPU.ActiveCfg = Debug|Any CPU
		{21F617BE-7A5C-490E-9B00-320FEDF83C13}.Debug|Any CPU.Build.0 = Debug|Any CPU
		{21F617BE-7A5C-490E-9B00-320FEDF83C13}.Release|Any CPU.ActiveCfg = Release|Any CPU
		{21F617BE-7A5C-490E-9B00-320FEDF83C13}.Release|Any CPU.Build.0 = Release|Any CPU
		{13B09B12-0E6C-4AFB-AFB8-F2AEEC67A7D4}.Debug|Any CPU.ActiveCfg = Debug|Any CPU
		{13B09B12-0E6C-4AFB-AFB8-F2AEEC67A7D4}.Debug|Any CPU.Build.0 = Debug|Any CPU
		{13B09B12-0E6C-4AFB-AFB8-F2AEEC67A7D4}.Release|Any CPU.ActiveCfg = Release|Any CPU
		{13B09B12-0E6C-4AFB-AFB8-F2AEEC67A7D4}.Release|Any CPU.Build.0 = Release|Any CPU
	EndGlobalSection
	GlobalSection(SolutionProperties) = preSolution
		HideSolutionNode = FALSE
	EndGlobalSection
	GlobalSection(ExtensibilityGlobals) = postSolution
		SolutionGuid = {8B4291F7-93BF-4351-B7D4-6F4F48BAD03F}
	EndGlobalSection
EndGlobal
