
Microsoft Visual Studio Solution File, Format Version 12.00
# Visual Studio Version 16
VisualStudioVersion = 16.0.31613.86
MinimumVisualStudioVersion = 10.0.40219.1
Project("{FAE04EC0-301F-11D3-BF4B-00C04F79EFBC}") = "Model-Demo", "Model-Demo.csproj", "{F2946FE5-F08B-474F-9FB2-068E57E6CFC9}"
EndProject
Global
	GlobalSection(SolutionConfigurationPlatforms) = preSolution
		Debug|Any CPU = Debug|Any CPU
		Release|Any CPU = Release|Any CPU
	EndGlobalSection
	GlobalSection(ProjectConfigurationPlatforms) = postSolution
		{F2946FE5-F08B-474F-9FB2-068E57E6CFC9}.Debug|Any CPU.ActiveCfg = Debug|Any CPU
		{F2946FE5-F08B-474F-9FB2-068E57E6CFC9}.Debug|Any CPU.Build.0 = Debug|Any CPU
		{F2946FE5-F08B-474F-9FB2-068E57E6CFC9}.Release|Any CPU.ActiveCfg = Release|Any CPU
		{F2946FE5-F08B-474F-9FB2-068E57E6CFC9}.Release|Any CPU.Build.0 = Release|Any CPU
	EndGlobalSection
	GlobalSection(SolutionProperties) = preSolution
		HideSolutionNode = FALSE
	EndGlobalSection
	GlobalSection(ExtensibilityGlobals) = postSolution
		SolutionGuid = {49FADFF5-3AD0-4A2E-9618-C1AA4183E808}
	EndGlobalSection
EndGlobal
