
Microsoft Visual Studio Solution File, Format Version 12.00
# Visual Studio Version 16
VisualStudioVersion = 16.0.31613.86
MinimumVisualStudioVersion = 10.0.40219.1
Project("{FAE04EC0-301F-11D3-BF4B-00C04F79EFBC}") = "StaticDemoLIB", "StaticDemoLIB.csproj", "{F1617A85-4FC6-478E-8CD8-5FE8296F001C}"
EndProject
Project("{FAE04EC0-301F-11D3-BF4B-00C04F79EFBC}") = "StaticDemoCON", "..\EmployeeManagementCON\StaticDemoCON.csproj", "{E87B70E9-D944-4F95-B296-F3B31CA2A115}"
EndProject
Global
	GlobalSection(SolutionConfigurationPlatforms) = preSolution
		Debug|Any CPU = Debug|Any CPU
		Release|Any CPU = Release|Any CPU
	EndGlobalSection
	GlobalSection(ProjectConfigurationPlatforms) = postSolution
		{F1617A85-4FC6-478E-8CD8-5FE8296F001C}.Debug|Any CPU.ActiveCfg = Debug|Any CPU
		{F1617A85-4FC6-478E-8CD8-5FE8296F001C}.Debug|Any CPU.Build.0 = Debug|Any CPU
		{F1617A85-4FC6-478E-8CD8-5FE8296F001C}.Release|Any CPU.ActiveCfg = Release|Any CPU
		{F1617A85-4FC6-478E-8CD8-5FE8296F001C}.Release|Any CPU.Build.0 = Release|Any CPU
		{E87B70E9-D944-4F95-B296-F3B31CA2A115}.Debug|Any CPU.ActiveCfg = Debug|Any CPU
		{E87B70E9-D944-4F95-B296-F3B31CA2A115}.Debug|Any CPU.Build.0 = Debug|Any CPU
		{E87B70E9-D944-4F95-B296-F3B31CA2A115}.Release|Any CPU.ActiveCfg = Release|Any CPU
		{E87B70E9-D944-4F95-B296-F3B31CA2A115}.Release|Any CPU.Build.0 = Release|Any CPU
	EndGlobalSection
	GlobalSection(SolutionProperties) = preSolution
		HideSolutionNode = FALSE
	EndGlobalSection
	GlobalSection(ExtensibilityGlobals) = postSolution
		SolutionGuid = {B78CB21A-320E-451E-99EF-7280855EDADD}
	EndGlobalSection
EndGlobal
