
Microsoft Visual Studio Solution File, Format Version 12.00
# Visual Studio Version 16
VisualStudioVersion = 16.0.31613.86
MinimumVisualStudioVersion = 10.0.40219.1
Project("{FAE04EC0-301F-11D3-BF4B-00C04F79EFBC}") = "EnhancementsDemo", "EnhancementsDemo.csproj", "{5FE33C0B-458D-4270-88CC-C5BE0D963BE5}"
EndProject
Global
	GlobalSection(SolutionConfigurationPlatforms) = preSolution
		Debug|Any CPU = Debug|Any CPU
		Release|Any CPU = Release|Any CPU
	EndGlobalSection
	GlobalSection(ProjectConfigurationPlatforms) = postSolution
		{5FE33C0B-458D-4270-88CC-C5BE0D963BE5}.Debug|Any CPU.ActiveCfg = Debug|Any CPU
		{5FE33C0B-458D-4270-88CC-C5BE0D963BE5}.Debug|Any CPU.Build.0 = Debug|Any CPU
		{5FE33C0B-458D-4270-88CC-C5BE0D963BE5}.Release|Any CPU.ActiveCfg = Release|Any CPU
		{5FE33C0B-458D-4270-88CC-C5BE0D963BE5}.Release|Any CPU.Build.0 = Release|Any CPU
	EndGlobalSection
	GlobalSection(SolutionProperties) = preSolution
		HideSolutionNode = FALSE
	EndGlobalSection
	GlobalSection(ExtensibilityGlobals) = postSolution
		SolutionGuid = {CEB7748C-B730-4C4B-B44D-CF478528DF24}
	EndGlobalSection
EndGlobal
